
Microsoft Visual Studio Solution File, Format Version 12.00
# Visual Studio Version 16
VisualStudioVersion = 16.0.30621.155
MinimumVisualStudioVersion = 10.0.40219.1
Project("{FAE04EC0-301F-11D3-BF4B-00C04F79EFBC}") = "teste", "teste\teste.csproj", "{9F168713-F50C-4719-8F6A-9108DC18353B}"
EndProject
Global
	GlobalSection(SolutionConfigurationPlatforms) = preSolution
		Debug|Any CPU = Debug|Any CPU
		Release|Any CPU = Release|Any CPU
	EndGlobalSection
	GlobalSection(ProjectConfigurationPlatforms) = postSolution
		{9F168713-F50C-4719-8F6A-9108DC18353B}.Debug|Any CPU.ActiveCfg = Debug|Any CPU
		{9F168713-F50C-4719-8F6A-9108DC18353B}.Debug|Any CPU.Build.0 = Debug|Any CPU
		{9F168713-F50C-4719-8F6A-9108DC18353B}.Release|Any CPU.ActiveCfg = Release|Any CPU
		{9F168713-F50C-4719-8F6A-9108DC18353B}.Release|Any CPU.Build.0 = Release|Any CPU
	EndGlobalSection
	GlobalSection(SolutionProperties) = preSolution
		HideSolutionNode = FALSE
	EndGlobalSection
	GlobalSection(ExtensibilityGlobals) = postSolution
		SolutionGuid = {96E44ADA-2A02-4184-9CFE-531D347FD0F8}
	EndGlobalSection
EndGlobal
